
Microsoft Visual Studio Solution File, Format Version 12.00
# Visual Studio Version 17
VisualStudioVersion = 17.14.36401.2
MinimumVisualStudioVersion = 10.0.40219.1
Project("{FAE04EC0-301F-11D3-BF4B-00C04F79EFBC}") = "InsuranceSimpleApi.Domain", "InsuranceSimpleApi.Domain\InsuranceSimpleApi.Domain.csproj", "{531A1DB5-F126-4C65-AF65-A53FED51A5CA}"
EndProject
Project("{FAE04EC0-301F-11D3-BF4B-00C04F79EFBC}") = "InsuranceSimpleApi.Application", "InsuranceSimpleApi.Application\InsuranceSimpleApi.Application.csproj", "{B6E85655-0880-4CDC-B96C-9F7A01851DC8}"
EndProject
Project("{FAE04EC0-301F-11D3-BF4B-00C04F79EFBC}") = "InsuranceSimpleApi.Infrastructure", "InsuranceSimpleApi.Infrastructure\InsuranceSimpleApi.Infrastructure.csproj", "{874CB9F5-5EDD-4FEE-8FAA-2E6B7C6F8D9C}"
EndProject
Project("{FAE04EC0-301F-11D3-BF4B-00C04F79EFBC}") = "InsuranceSimpleApi.API", "InsuranceSimpleApi.API\InsuranceSimpleApi.API.csproj", "{0C48C47F-FCEE-4ED7-9843-8C78B9DD85E7}"
EndProject
Global
	GlobalSection(SolutionConfigurationPlatforms) = preSolution
		Debug|Any CPU = Debug|Any CPU
		Debug|x64 = Debug|x64
		Debug|x86 = Debug|x86
		Release|Any CPU = Release|Any CPU
		Release|x64 = Release|x64
		Release|x86 = Release|x86
	EndGlobalSection
	GlobalSection(ProjectConfigurationPlatforms) = postSolution
		{531A1DB5-F126-4C65-AF65-A53FED51A5CA}.Debug|Any CPU.ActiveCfg = Debug|Any CPU
		{531A1DB5-F126-4C65-AF65-A53FED51A5CA}.Debug|Any CPU.Build.0 = Debug|Any CPU
		{531A1DB5-F126-4C65-AF65-A53FED51A5CA}.Debug|x64.ActiveCfg = Debug|Any CPU
		{531A1DB5-F126-4C65-AF65-A53FED51A5CA}.Debug|x64.Build.0 = Debug|Any CPU
		{531A1DB5-F126-4C65-AF65-A53FED51A5CA}.Debug|x86.ActiveCfg = Debug|Any CPU
		{531A1DB5-F126-4C65-AF65-A53FED51A5CA}.Debug|x86.Build.0 = Debug|Any CPU
		{531A1DB5-F126-4C65-AF65-A53FED51A5CA}.Release|Any CPU.ActiveCfg = Release|Any CPU
		{531A1DB5-F126-4C65-AF65-A53FED51A5CA}.Release|Any CPU.Build.0 = Release|Any CPU
		{531A1DB5-F126-4C65-AF65-A53FED51A5CA}.Release|x64.ActiveCfg = Release|Any CPU
		{531A1DB5-F126-4C65-AF65-A53FED51A5CA}.Release|x64.Build.0 = Release|Any CPU
		{531A1DB5-F126-4C65-AF65-A53FED51A5CA}.Release|x86.ActiveCfg = Release|Any CPU
		{531A1DB5-F126-4C65-AF65-A53FED51A5CA}.Release|x86.Build.0 = Release|Any CPU
		{B6E85655-0880-4CDC-B96C-9F7A01851DC8}.Debug|Any CPU.ActiveCfg = Debug|Any CPU
		{B6E85655-0880-4CDC-B96C-9F7A01851DC8}.Debug|Any CPU.Build.0 = Debug|Any CPU
		{B6E85655-0880-4CDC-B96C-9F7A01851DC8}.Debug|x64.ActiveCfg = Debug|Any CPU
		{B6E85655-0880-4CDC-B96C-9F7A01851DC8}.Debug|x64.Build.0 = Debug|Any CPU
		{B6E85655-0880-4CDC-B96C-9F7A01851DC8}.Debug|x86.ActiveCfg = Debug|Any CPU
		{B6E85655-0880-4CDC-B96C-9F7A01851DC8}.Debug|x86.Build.0 = Debug|Any CPU
		{B6E85655-0880-4CDC-B96C-9F7A01851DC8}.Release|Any CPU.ActiveCfg = Release|Any CPU
		{B6E85655-0880-4CDC-B96C-9F7A01851DC8}.Release|Any CPU.Build.0 = Release|Any CPU
		{B6E85655-0880-4CDC-B96C-9F7A01851DC8}.Release|x64.ActiveCfg = Release|Any CPU
		{B6E85655-0880-4CDC-B96C-9F7A01851DC8}.Release|x64.Build.0 = Release|Any CPU
		{B6E85655-0880-4CDC-B96C-9F7A01851DC8}.Release|x86.ActiveCfg = Release|Any CPU
		{B6E85655-0880-4CDC-B96C-9F7A01851DC8}.Release|x86.Build.0 = Release|Any CPU
		{874CB9F5-5EDD-4FEE-8FAA-2E6B7C6F8D9C}.Debug|Any CPU.ActiveCfg = Debug|Any CPU
		{874CB9F5-5EDD-4FEE-8FAA-2E6B7C6F8D9C}.Debug|Any CPU.Build.0 = Debug|Any CPU
		{874CB9F5-5EDD-4FEE-8FAA-2E6B7C6F8D9C}.Debug|x64.ActiveCfg = Debug|Any CPU
		{874CB9F5-5EDD-4FEE-8FAA-2E6B7C6F8D9C}.Debug|x64.Build.0 = Debug|Any CPU
		{874CB9F5-5EDD-4FEE-8FAA-2E6B7C6F8D9C}.Debug|x86.ActiveCfg = Debug|Any CPU
		{874CB9F5-5EDD-4FEE-8FAA-2E6B7C6F8D9C}.Debug|x86.Build.0 = Debug|Any CPU
		{874CB9F5-5EDD-4FEE-8FAA-2E6B7C6F8D9C}.Release|Any CPU.ActiveCfg = Release|Any CPU
		{874CB9F5-5EDD-4FEE-8FAA-2E6B7C6F8D9C}.Release|Any CPU.Build.0 = Release|Any CPU
		{874CB9F5-5EDD-4FEE-8FAA-2E6B7C6F8D9C}.Release|x64.ActiveCfg = Release|Any CPU
		{874CB9F5-5EDD-4FEE-8FAA-2E6B7C6F8D9C}.Release|x64.Build.0 = Release|Any CPU
		{874CB9F5-5EDD-4FEE-8FAA-2E6B7C6F8D9C}.Release|x86.ActiveCfg = Release|Any CPU
		{874CB9F5-5EDD-4FEE-8FAA-2E6B7C6F8D9C}.Release|x86.Build.0 = Release|Any CPU
		{0C48C47F-FCEE-4ED7-9843-8C78B9DD85E7}.Debug|Any CPU.ActiveCfg = Debug|Any CPU
		{0C48C47F-FCEE-4ED7-9843-8C78B9DD85E7}.Debug|Any CPU.Build.0 = Debug|Any CPU
		{0C48C47F-FCEE-4ED7-9843-8C78B9DD85E7}.Debug|x64.ActiveCfg = Debug|Any CPU
		{0C48C47F-FCEE-4ED7-9843-8C78B9DD85E7}.Debug|x64.Build.0 = Debug|Any CPU
		{0C48C47F-FCEE-4ED7-9843-8C78B9DD85E7}.Debug|x86.ActiveCfg = Debug|Any CPU
		{0C48C47F-FCEE-4ED7-9843-8C78B9DD85E7}.Debug|x86.Build.0 = Debug|Any CPU
		{0C48C47F-FCEE-4ED7-9843-8C78B9DD85E7}.Release|Any CPU.ActiveCfg = Release|Any CPU
		{0C48C47F-FCEE-4ED7-9843-8C78B9DD85E7}.Release|Any CPU.Build.0 = Release|Any CPU
		{0C48C47F-FCEE-4ED7-9843-8C78B9DD85E7}.Release|x64.ActiveCfg = Release|Any CPU
		{0C48C47F-FCEE-4ED7-9843-8C78B9DD85E7}.Release|x64.Build.0 = Release|Any CPU
		{0C48C47F-FCEE-4ED7-9843-8C78B9DD85E7}.Release|x86.ActiveCfg = Release|Any CPU
		{0C48C47F-FCEE-4ED7-9843-8C78B9DD85E7}.Release|x86.Build.0 = Release|Any CPU
	EndGlobalSection
	GlobalSection(SolutionProperties) = preSolution
		HideSolutionNode = FALSE
	EndGlobalSection
	GlobalSection(ExtensibilityGlobals) = postSolution
		SolutionGuid = {D14D5977-5988-4E2F-8C18-B32023284661}
	EndGlobalSection
EndGlobal
